Microsoft Visual Studio Solution File, Format Version 12.00
# Visual Studio Version 17
VisualStudioVersion = 17.5.2.0
MinimumVisualStudioVersion = 10.0.40219.1
Project("{2150E333-8FDC-42A3-9474-1A3956D46DE8}") = "OrderStatusAPI", "OrderStatusAPI", "{E7CBEFD1-C48A-8D9B-A390-9A82415E8486}"
EndProject
Project("{FAE04EC0-301F-11D3-BF4B-00C04F79EFBC}") = "OrderStatusTracker", "OrderStatusAPI\OrderStatusTracker.csproj", "{067B88FB-C865-D575-FDE1-5DA5556C7DBB}"
EndProject
Global
	GlobalSection(SolutionConfigurationPlatforms) = preSolution
		Debug|Any CPU = Debug|Any CPU
		Release|Any CPU = Release|Any CPU
	EndGlobalSection
	GlobalSection(ProjectConfigurationPlatforms) = postSolution
		{067B88FB-C865-D575-FDE1-5DA5556C7DBB}.Debug|Any CPU.ActiveCfg = Debug|Any CPU
		{067B88FB-C865-D575-FDE1-5DA5556C7DBB}.Debug|Any CPU.Build.0 = Debug|Any CPU
		{067B88FB-C865-D575-FDE1-5DA5556C7DBB}.Release|Any CPU.ActiveCfg = Release|Any CPU
		{067B88FB-C865-D575-FDE1-5DA5556C7DBB}.Release|Any CPU.Build.0 = Release|Any CPU
	EndGlobalSection
	GlobalSection(SolutionProperties) = preSolution
		HideSolutionNode = FALSE
	EndGlobalSection
	GlobalSection(NestedProjects) = preSolution
		{067B88FB-C865-D575-FDE1-5DA5556C7DBB} = {E7CBEFD1-C48A-8D9B-A390-9A82415E8486}
	EndGlobalSection
	GlobalSection(ExtensibilityGlobals) = postSolution
		SolutionGuid = {206EF36C-BB0B-4E32-AF24-08A99047C701}
	EndGlobalSection
EndGlobal
